
Microsoft Visual Studio Solution File, Format Version 12.00
# Visual Studio 2013
VisualStudioVersion = 12.0.40629.0
MinimumVisualStudioVersion = 10.0.40219.1
Project("{FAE04EC0-301F-11D3-BF4B-00C04F79EFBC}") = "PiratesOfTheCarribean", "TestWebApp\PiratesOfTheCarribean.csproj", "{8ADFFE07-B4D4-4087-9351-F1D8FADD62AB}"
EndProject
Global
	GlobalSection(SolutionConfigurationPlatforms) = preSolution
		Debug|Any CPU = Debug|Any CPU
		Release|Any CPU = Release|Any CPU
	EndGlobalSection
	GlobalSection(ProjectConfigurationPlatforms) = postSolution
		{8ADFFE07-B4D4-4087-9351-F1D8FADD62AB}.Debug|Any CPU.ActiveCfg = Debug|Any CPU
		{8ADFFE07-B4D4-4087-9351-F1D8FADD62AB}.Debug|Any CPU.Build.0 = Debug|Any CPU
		{8ADFFE07-B4D4-4087-9351-F1D8FADD62AB}.Release|Any CPU.ActiveCfg = Release|Any CPU
		{8ADFFE07-B4D4-4087-9351-F1D8FADD62AB}.Release|Any CPU.Build.0 = Release|Any CPU
	EndGlobalSection
	GlobalSection(SolutionProperties) = preSolution
		HideSolutionNode = FALSE
	EndGlobalSection
EndGlobal
